
Microsoft Visual Studio Solution File, Format Version 12.00
# Visual Studio Version 17
VisualStudioVersion = 17.2.32516.85
MinimumVisualStudioVersion = 10.0.40219.1
Project("{FAE04EC0-301F-11D3-BF4B-00C04F79EFBC}") = "CoffeeShopReg", "CoffeeShopReg\CoffeeShopReg.csproj", "{1869A2CD-F994-4AFA-ACB6-75CB53D6822F}"
EndProject
Global
	GlobalSection(SolutionConfigurationPlatforms) = preSolution
		Debug|Any CPU = Debug|Any CPU
		Release|Any CPU = Release|Any CPU
	EndGlobalSection
	GlobalSection(ProjectConfigurationPlatforms) = postSolution
		{1869A2CD-F994-4AFA-ACB6-75CB53D6822F}.Debug|Any CPU.ActiveCfg = Debug|Any CPU
		{1869A2CD-F994-4AFA-ACB6-75CB53D6822F}.Debug|Any CPU.Build.0 = Debug|Any CPU
		{1869A2CD-F994-4AFA-ACB6-75CB53D6822F}.Release|Any CPU.ActiveCfg = Release|Any CPU
		{1869A2CD-F994-4AFA-ACB6-75CB53D6822F}.Release|Any CPU.Build.0 = Release|Any CPU
	EndGlobalSection
	GlobalSection(SolutionProperties) = preSolution
		HideSolutionNode = FALSE
	EndGlobalSection
	GlobalSection(ExtensibilityGlobals) = postSolution
		SolutionGuid = {C1BD4012-6985-431E-B61F-3DABC8A1B87D}
	EndGlobalSection
EndGlobal
